
Microsoft Visual Studio Solution File, Format Version 12.00
# Visual Studio 15
VisualStudioVersion = 15.0.28307.1831
MinimumVisualStudioVersion = 10.0.40219.1
Project("{FAE04EC0-301F-11D3-BF4B-00C04F79EFBC}") = "Exercício_46", "Exercício_46\Exercício_46.csproj", "{580C8DBF-17EF-4C50-A799-FFE2B3254748}"
EndProject
Global
	GlobalSection(SolutionConfigurationPlatforms) = preSolution
		Debug|Any CPU = Debug|Any CPU
		Release|Any CPU = Release|Any CPU
	EndGlobalSection
	GlobalSection(ProjectConfigurationPlatforms) = postSolution
		{580C8DBF-17EF-4C50-A799-FFE2B3254748}.Debug|Any CPU.ActiveCfg = Debug|Any CPU
		{580C8DBF-17EF-4C50-A799-FFE2B3254748}.Debug|Any CPU.Build.0 = Debug|Any CPU
		{580C8DBF-17EF-4C50-A799-FFE2B3254748}.Release|Any CPU.ActiveCfg = Release|Any CPU
		{580C8DBF-17EF-4C50-A799-FFE2B3254748}.Release|Any CPU.Build.0 = Release|Any CPU
	EndGlobalSection
	GlobalSection(SolutionProperties) = preSolution
		HideSolutionNode = FALSE
	EndGlobalSection
	GlobalSection(ExtensibilityGlobals) = postSolution
		SolutionGuid = {1943C5F7-1C12-4A4C-B010-21438FE7B4B3}
	EndGlobalSection
EndGlobal
