
Microsoft Visual Studio Solution File, Format Version 12.00
# Visual Studio 15
VisualStudioVersion = 15.0.28307.1831
MinimumVisualStudioVersion = 10.0.40219.1
Project("{FAE04EC0-301F-11D3-BF4B-00C04F79EFBC}") = "Exercício_100", "Exercício_100\Exercício_100.csproj", "{F2179C32-B03A-4AE8-A5E5-B17B38527961}"
EndProject
Global
	GlobalSection(SolutionConfigurationPlatforms) = preSolution
		Debug|Any CPU = Debug|Any CPU
		Release|Any CPU = Release|Any CPU
	EndGlobalSection
	GlobalSection(ProjectConfigurationPlatforms) = postSolution
		{F2179C32-B03A-4AE8-A5E5-B17B38527961}.Debug|Any CPU.ActiveCfg = Debug|Any CPU
		{F2179C32-B03A-4AE8-A5E5-B17B38527961}.Debug|Any CPU.Build.0 = Debug|Any CPU
		{F2179C32-B03A-4AE8-A5E5-B17B38527961}.Release|Any CPU.ActiveCfg = Release|Any CPU
		{F2179C32-B03A-4AE8-A5E5-B17B38527961}.Release|Any CPU.Build.0 = Release|Any CPU
	EndGlobalSection
	GlobalSection(SolutionProperties) = preSolution
		HideSolutionNode = FALSE
	EndGlobalSection
	GlobalSection(ExtensibilityGlobals) = postSolution
		SolutionGuid = {19B23CD2-0680-4B36-9BFE-039D68169F6E}
	EndGlobalSection
EndGlobal
