
Microsoft Visual Studio Solution File, Format Version 12.00
# Visual Studio 15
VisualStudioVersion = 15.0.28307.1831
MinimumVisualStudioVersion = 10.0.40219.1
Project("{FAE04EC0-301F-11D3-BF4B-00C04F79EFBC}") = "Exercício_103", "Exercício_103\Exercício_103.csproj", "{98EC319E-21FC-468E-949D-4074C4A00352}"
EndProject
Global
	GlobalSection(SolutionConfigurationPlatforms) = preSolution
		Debug|Any CPU = Debug|Any CPU
		Release|Any CPU = Release|Any CPU
	EndGlobalSection
	GlobalSection(ProjectConfigurationPlatforms) = postSolution
		{98EC319E-21FC-468E-949D-4074C4A00352}.Debug|Any CPU.ActiveCfg = Debug|Any CPU
		{98EC319E-21FC-468E-949D-4074C4A00352}.Debug|Any CPU.Build.0 = Debug|Any CPU
		{98EC319E-21FC-468E-949D-4074C4A00352}.Release|Any CPU.ActiveCfg = Release|Any CPU
		{98EC319E-21FC-468E-949D-4074C4A00352}.Release|Any CPU.Build.0 = Release|Any CPU
	EndGlobalSection
	GlobalSection(SolutionProperties) = preSolution
		HideSolutionNode = FALSE
	EndGlobalSection
	GlobalSection(ExtensibilityGlobals) = postSolution
		SolutionGuid = {2633C450-F965-4D0F-A194-29D590863A54}
	EndGlobalSection
EndGlobal
