
Microsoft Visual Studio Solution File, Format Version 12.00
# Visual Studio 15
VisualStudioVersion = 15.0.28307.1831
MinimumVisualStudioVersion = 10.0.40219.1
Project("{FAE04EC0-301F-11D3-BF4B-00C04F79EFBC}") = "Exercício_96", "Exercício_96\Exercício_96.csproj", "{71FC889B-A4B2-4ADD-ABBB-D62D63A8BFD5}"
EndProject
Global
	GlobalSection(SolutionConfigurationPlatforms) = preSolution
		Debug|Any CPU = Debug|Any CPU
		Release|Any CPU = Release|Any CPU
	EndGlobalSection
	GlobalSection(ProjectConfigurationPlatforms) = postSolution
		{71FC889B-A4B2-4ADD-ABBB-D62D63A8BFD5}.Debug|Any CPU.ActiveCfg = Debug|Any CPU
		{71FC889B-A4B2-4ADD-ABBB-D62D63A8BFD5}.Debug|Any CPU.Build.0 = Debug|Any CPU
		{71FC889B-A4B2-4ADD-ABBB-D62D63A8BFD5}.Release|Any CPU.ActiveCfg = Release|Any CPU
		{71FC889B-A4B2-4ADD-ABBB-D62D63A8BFD5}.Release|Any CPU.Build.0 = Release|Any CPU
	EndGlobalSection
	GlobalSection(SolutionProperties) = preSolution
		HideSolutionNode = FALSE
	EndGlobalSection
	GlobalSection(ExtensibilityGlobals) = postSolution
		SolutionGuid = {C0DD6A26-9897-45E0-8628-90099A4E178A}
	EndGlobalSection
EndGlobal
