
Microsoft Visual Studio Solution File, Format Version 12.00
# Visual Studio 15
VisualStudioVersion = 15.0.28307.1831
MinimumVisualStudioVersion = 10.0.40219.1
Project("{FAE04EC0-301F-11D3-BF4B-00C04F79EFBC}") = "Exercício_104", "Exercício_104\Exercício_104.csproj", "{7B48E8F9-E7D5-4B24-8335-9FB378CB646C}"
EndProject
Global
	GlobalSection(SolutionConfigurationPlatforms) = preSolution
		Debug|Any CPU = Debug|Any CPU
		Release|Any CPU = Release|Any CPU
	EndGlobalSection
	GlobalSection(ProjectConfigurationPlatforms) = postSolution
		{7B48E8F9-E7D5-4B24-8335-9FB378CB646C}.Debug|Any CPU.ActiveCfg = Debug|Any CPU
		{7B48E8F9-E7D5-4B24-8335-9FB378CB646C}.Debug|Any CPU.Build.0 = Debug|Any CPU
		{7B48E8F9-E7D5-4B24-8335-9FB378CB646C}.Release|Any CPU.ActiveCfg = Release|Any CPU
		{7B48E8F9-E7D5-4B24-8335-9FB378CB646C}.Release|Any CPU.Build.0 = Release|Any CPU
	EndGlobalSection
	GlobalSection(SolutionProperties) = preSolution
		HideSolutionNode = FALSE
	EndGlobalSection
	GlobalSection(ExtensibilityGlobals) = postSolution
		SolutionGuid = {EA3B9F1A-3B91-48CF-B25E-480430D43C0C}
	EndGlobalSection
EndGlobal
