
Microsoft Visual Studio Solution File, Format Version 12.00
# Visual Studio 15
VisualStudioVersion = 15.0.28307.1831
MinimumVisualStudioVersion = 10.0.40219.1
Project("{FAE04EC0-301F-11D3-BF4B-00C04F79EFBC}") = "Exercício_37", "Exercício_37\Exercício_37.csproj", "{D095F15D-4F97-40D1-9299-0131402987C6}"
EndProject
Global
	GlobalSection(SolutionConfigurationPlatforms) = preSolution
		Debug|Any CPU = Debug|Any CPU
		Release|Any CPU = Release|Any CPU
	EndGlobalSection
	GlobalSection(ProjectConfigurationPlatforms) = postSolution
		{D095F15D-4F97-40D1-9299-0131402987C6}.Debug|Any CPU.ActiveCfg = Debug|Any CPU
		{D095F15D-4F97-40D1-9299-0131402987C6}.Debug|Any CPU.Build.0 = Debug|Any CPU
		{D095F15D-4F97-40D1-9299-0131402987C6}.Release|Any CPU.ActiveCfg = Release|Any CPU
		{D095F15D-4F97-40D1-9299-0131402987C6}.Release|Any CPU.Build.0 = Release|Any CPU
	EndGlobalSection
	GlobalSection(SolutionProperties) = preSolution
		HideSolutionNode = FALSE
	EndGlobalSection
	GlobalSection(ExtensibilityGlobals) = postSolution
		SolutionGuid = {7E659580-EFFA-4986-BBFB-D175752A8759}
	EndGlobalSection
EndGlobal
