
Microsoft Visual Studio Solution File, Format Version 12.00
# Visual Studio 15
VisualStudioVersion = 15.0.28307.1831
MinimumVisualStudioVersion = 10.0.40219.1
Project("{FAE04EC0-301F-11D3-BF4B-00C04F79EFBC}") = "Exercício_77", "Exercício_77\Exercício_77.csproj", "{97F1E738-E928-4885-B3E3-75B76369CEFD}"
EndProject
Global
	GlobalSection(SolutionConfigurationPlatforms) = preSolution
		Debug|Any CPU = Debug|Any CPU
		Release|Any CPU = Release|Any CPU
	EndGlobalSection
	GlobalSection(ProjectConfigurationPlatforms) = postSolution
		{97F1E738-E928-4885-B3E3-75B76369CEFD}.Debug|Any CPU.ActiveCfg = Debug|Any CPU
		{97F1E738-E928-4885-B3E3-75B76369CEFD}.Debug|Any CPU.Build.0 = Debug|Any CPU
		{97F1E738-E928-4885-B3E3-75B76369CEFD}.Release|Any CPU.ActiveCfg = Release|Any CPU
		{97F1E738-E928-4885-B3E3-75B76369CEFD}.Release|Any CPU.Build.0 = Release|Any CPU
	EndGlobalSection
	GlobalSection(SolutionProperties) = preSolution
		HideSolutionNode = FALSE
	EndGlobalSection
	GlobalSection(ExtensibilityGlobals) = postSolution
		SolutionGuid = {DE27BA1A-BAC9-4268-B3E3-3CCC126781B7}
	EndGlobalSection
EndGlobal
