
Microsoft Visual Studio Solution File, Format Version 12.00
# Visual Studio 15
VisualStudioVersion = 15.0.28307.1831
MinimumVisualStudioVersion = 10.0.40219.1
Project("{FAE04EC0-301F-11D3-BF4B-00C04F79EFBC}") = "Exercício_97", "Exercício_97\Exercício_97.csproj", "{3390C282-73B3-4F32-8B6C-5549159F2DCE}"
EndProject
Global
	GlobalSection(SolutionConfigurationPlatforms) = preSolution
		Debug|Any CPU = Debug|Any CPU
		Release|Any CPU = Release|Any CPU
	EndGlobalSection
	GlobalSection(ProjectConfigurationPlatforms) = postSolution
		{3390C282-73B3-4F32-8B6C-5549159F2DCE}.Debug|Any CPU.ActiveCfg = Debug|Any CPU
		{3390C282-73B3-4F32-8B6C-5549159F2DCE}.Debug|Any CPU.Build.0 = Debug|Any CPU
		{3390C282-73B3-4F32-8B6C-5549159F2DCE}.Release|Any CPU.ActiveCfg = Release|Any CPU
		{3390C282-73B3-4F32-8B6C-5549159F2DCE}.Release|Any CPU.Build.0 = Release|Any CPU
	EndGlobalSection
	GlobalSection(SolutionProperties) = preSolution
		HideSolutionNode = FALSE
	EndGlobalSection
	GlobalSection(ExtensibilityGlobals) = postSolution
		SolutionGuid = {56004466-1F51-4E56-A9FD-F1C1BEB340F1}
	EndGlobalSection
EndGlobal
