
Microsoft Visual Studio Solution File, Format Version 12.00
# Visual Studio 15
VisualStudioVersion = 15.0.28307.1831
MinimumVisualStudioVersion = 10.0.40219.1
Project("{FAE04EC0-301F-11D3-BF4B-00C04F79EFBC}") = "Exercício_03", "Exercício_03\Exercício_03.csproj", "{FB7F8E70-8F44-475B-B0AE-99E80D82F0C7}"
EndProject
Global
	GlobalSection(SolutionConfigurationPlatforms) = preSolution
		Debug|Any CPU = Debug|Any CPU
		Release|Any CPU = Release|Any CPU
	EndGlobalSection
	GlobalSection(ProjectConfigurationPlatforms) = postSolution
		{FB7F8E70-8F44-475B-B0AE-99E80D82F0C7}.Debug|Any CPU.ActiveCfg = Debug|Any CPU
		{FB7F8E70-8F44-475B-B0AE-99E80D82F0C7}.Debug|Any CPU.Build.0 = Debug|Any CPU
		{FB7F8E70-8F44-475B-B0AE-99E80D82F0C7}.Release|Any CPU.ActiveCfg = Release|Any CPU
		{FB7F8E70-8F44-475B-B0AE-99E80D82F0C7}.Release|Any CPU.Build.0 = Release|Any CPU
	EndGlobalSection
	GlobalSection(SolutionProperties) = preSolution
		HideSolutionNode = FALSE
	EndGlobalSection
	GlobalSection(ExtensibilityGlobals) = postSolution
		SolutionGuid = {17B26122-082B-4538-94CB-151BAC2A0619}
	EndGlobalSection
EndGlobal
