
Microsoft Visual Studio Solution File, Format Version 12.00
# Visual Studio 15
VisualStudioVersion = 15.0.28307.1831
MinimumVisualStudioVersion = 10.0.40219.1
Project("{FAE04EC0-301F-11D3-BF4B-00C04F79EFBC}") = "Exercício_39", "Exercício_39\Exercício_39.csproj", "{56AC712A-2281-4027-A790-52080C46DC59}"
EndProject
Global
	GlobalSection(SolutionConfigurationPlatforms) = preSolution
		Debug|Any CPU = Debug|Any CPU
		Release|Any CPU = Release|Any CPU
	EndGlobalSection
	GlobalSection(ProjectConfigurationPlatforms) = postSolution
		{56AC712A-2281-4027-A790-52080C46DC59}.Debug|Any CPU.ActiveCfg = Debug|Any CPU
		{56AC712A-2281-4027-A790-52080C46DC59}.Debug|Any CPU.Build.0 = Debug|Any CPU
		{56AC712A-2281-4027-A790-52080C46DC59}.Release|Any CPU.ActiveCfg = Release|Any CPU
		{56AC712A-2281-4027-A790-52080C46DC59}.Release|Any CPU.Build.0 = Release|Any CPU
	EndGlobalSection
	GlobalSection(SolutionProperties) = preSolution
		HideSolutionNode = FALSE
	EndGlobalSection
	GlobalSection(ExtensibilityGlobals) = postSolution
		SolutionGuid = {26755947-1037-415E-8D2E-87B49C1C40AA}
	EndGlobalSection
EndGlobal
