
Microsoft Visual Studio Solution File, Format Version 12.00
# Visual Studio 15
VisualStudioVersion = 15.0.28307.1831
MinimumVisualStudioVersion = 10.0.40219.1
Project("{FAE04EC0-301F-11D3-BF4B-00C04F79EFBC}") = "Exercício_102", "Exercício_102\Exercício_102.csproj", "{7492D9EF-1DE9-45DB-8BD4-65C668300EC7}"
EndProject
Global
	GlobalSection(SolutionConfigurationPlatforms) = preSolution
		Debug|Any CPU = Debug|Any CPU
		Release|Any CPU = Release|Any CPU
	EndGlobalSection
	GlobalSection(ProjectConfigurationPlatforms) = postSolution
		{7492D9EF-1DE9-45DB-8BD4-65C668300EC7}.Debug|Any CPU.ActiveCfg = Debug|Any CPU
		{7492D9EF-1DE9-45DB-8BD4-65C668300EC7}.Debug|Any CPU.Build.0 = Debug|Any CPU
		{7492D9EF-1DE9-45DB-8BD4-65C668300EC7}.Release|Any CPU.ActiveCfg = Release|Any CPU
		{7492D9EF-1DE9-45DB-8BD4-65C668300EC7}.Release|Any CPU.Build.0 = Release|Any CPU
	EndGlobalSection
	GlobalSection(SolutionProperties) = preSolution
		HideSolutionNode = FALSE
	EndGlobalSection
	GlobalSection(ExtensibilityGlobals) = postSolution
		SolutionGuid = {0F421E81-D824-41A5-B106-D96EE4F30E03}
	EndGlobalSection
EndGlobal
