
Microsoft Visual Studio Solution File, Format Version 12.00
# Visual Studio 15
VisualStudioVersion = 15.0.28307.1831
MinimumVisualStudioVersion = 10.0.40219.1
Project("{FAE04EC0-301F-11D3-BF4B-00C04F79EFBC}") = "Exercício_99", "Exercício_99\Exercício_99.csproj", "{062026F3-27E4-4192-9AEC-55A06BF7ECAF}"
EndProject
Global
	GlobalSection(SolutionConfigurationPlatforms) = preSolution
		Debug|Any CPU = Debug|Any CPU
		Release|Any CPU = Release|Any CPU
	EndGlobalSection
	GlobalSection(ProjectConfigurationPlatforms) = postSolution
		{062026F3-27E4-4192-9AEC-55A06BF7ECAF}.Debug|Any CPU.ActiveCfg = Debug|Any CPU
		{062026F3-27E4-4192-9AEC-55A06BF7ECAF}.Debug|Any CPU.Build.0 = Debug|Any CPU
		{062026F3-27E4-4192-9AEC-55A06BF7ECAF}.Release|Any CPU.ActiveCfg = Release|Any CPU
		{062026F3-27E4-4192-9AEC-55A06BF7ECAF}.Release|Any CPU.Build.0 = Release|Any CPU
	EndGlobalSection
	GlobalSection(SolutionProperties) = preSolution
		HideSolutionNode = FALSE
	EndGlobalSection
	GlobalSection(ExtensibilityGlobals) = postSolution
		SolutionGuid = {F4389A83-8A4F-4731-980D-354E80581EDF}
	EndGlobalSection
EndGlobal
