
Microsoft Visual Studio Solution File, Format Version 12.00
# Visual Studio 15
VisualStudioVersion = 15.0.28307.1831
MinimumVisualStudioVersion = 10.0.40219.1
Project("{FAE04EC0-301F-11D3-BF4B-00C04F79EFBC}") = "Exercício_32", "Exercício_32\Exercício_32.csproj", "{EC6527E5-E144-4957-AC53-71FBA216C566}"
EndProject
Global
	GlobalSection(SolutionConfigurationPlatforms) = preSolution
		Debug|Any CPU = Debug|Any CPU
		Release|Any CPU = Release|Any CPU
	EndGlobalSection
	GlobalSection(ProjectConfigurationPlatforms) = postSolution
		{EC6527E5-E144-4957-AC53-71FBA216C566}.Debug|Any CPU.ActiveCfg = Debug|Any CPU
		{EC6527E5-E144-4957-AC53-71FBA216C566}.Debug|Any CPU.Build.0 = Debug|Any CPU
		{EC6527E5-E144-4957-AC53-71FBA216C566}.Release|Any CPU.ActiveCfg = Release|Any CPU
		{EC6527E5-E144-4957-AC53-71FBA216C566}.Release|Any CPU.Build.0 = Release|Any CPU
	EndGlobalSection
	GlobalSection(SolutionProperties) = preSolution
		HideSolutionNode = FALSE
	EndGlobalSection
	GlobalSection(ExtensibilityGlobals) = postSolution
		SolutionGuid = {514184E4-65D7-4F58-8E62-38C81720E532}
	EndGlobalSection
EndGlobal
