
Microsoft Visual Studio Solution File, Format Version 12.00
# Visual Studio 15
VisualStudioVersion = 15.0.28307.572
MinimumVisualStudioVersion = 10.0.40219.1
Project("{FAE04EC0-301F-11D3-BF4B-00C04F79EFBC}") = "Exercício_25", "Exercício_25\Exercício_25.csproj", "{A135AB3B-E8D6-4A4C-8D9A-DDFEFFB71062}"
EndProject
Global
	GlobalSection(SolutionConfigurationPlatforms) = preSolution
		Debug|Any CPU = Debug|Any CPU
		Release|Any CPU = Release|Any CPU
	EndGlobalSection
	GlobalSection(ProjectConfigurationPlatforms) = postSolution
		{A135AB3B-E8D6-4A4C-8D9A-DDFEFFB71062}.Debug|Any CPU.ActiveCfg = Debug|Any CPU
		{A135AB3B-E8D6-4A4C-8D9A-DDFEFFB71062}.Debug|Any CPU.Build.0 = Debug|Any CPU
		{A135AB3B-E8D6-4A4C-8D9A-DDFEFFB71062}.Release|Any CPU.ActiveCfg = Release|Any CPU
		{A135AB3B-E8D6-4A4C-8D9A-DDFEFFB71062}.Release|Any CPU.Build.0 = Release|Any CPU
	EndGlobalSection
	GlobalSection(SolutionProperties) = preSolution
		HideSolutionNode = FALSE
	EndGlobalSection
	GlobalSection(ExtensibilityGlobals) = postSolution
		SolutionGuid = {0F3DD62B-1FFE-423A-A229-B6186D83FCBC}
	EndGlobalSection
EndGlobal
