
Microsoft Visual Studio Solution File, Format Version 12.00
# Visual Studio 15
VisualStudioVersion = 15.0.28307.1831
MinimumVisualStudioVersion = 10.0.40219.1
Project("{FAE04EC0-301F-11D3-BF4B-00C04F79EFBC}") = "Exercício_14", "Exercício_14\Exercício_14.csproj", "{4FF182B0-F93F-43B4-B086-96946FC7A676}"
EndProject
Global
	GlobalSection(SolutionConfigurationPlatforms) = preSolution
		Debug|Any CPU = Debug|Any CPU
		Release|Any CPU = Release|Any CPU
	EndGlobalSection
	GlobalSection(ProjectConfigurationPlatforms) = postSolution
		{4FF182B0-F93F-43B4-B086-96946FC7A676}.Debug|Any CPU.ActiveCfg = Debug|Any CPU
		{4FF182B0-F93F-43B4-B086-96946FC7A676}.Debug|Any CPU.Build.0 = Debug|Any CPU
		{4FF182B0-F93F-43B4-B086-96946FC7A676}.Release|Any CPU.ActiveCfg = Release|Any CPU
		{4FF182B0-F93F-43B4-B086-96946FC7A676}.Release|Any CPU.Build.0 = Release|Any CPU
	EndGlobalSection
	GlobalSection(SolutionProperties) = preSolution
		HideSolutionNode = FALSE
	EndGlobalSection
	GlobalSection(ExtensibilityGlobals) = postSolution
		SolutionGuid = {E74D154B-BB64-48F2-815B-D475ABD7F3CB}
	EndGlobalSection
EndGlobal
