
Microsoft Visual Studio Solution File, Format Version 12.00
# Visual Studio 15
VisualStudioVersion = 15.0.28307.1831
MinimumVisualStudioVersion = 10.0.40219.1
Project("{FAE04EC0-301F-11D3-BF4B-00C04F79EFBC}") = "Exercício_002", "Exercício_002\Exercício_002.csproj", "{65FD652C-002F-4F71-BDE1-2D0312C27C3E}"
EndProject
Global
	GlobalSection(SolutionConfigurationPlatforms) = preSolution
		Debug|Any CPU = Debug|Any CPU
		Release|Any CPU = Release|Any CPU
	EndGlobalSection
	GlobalSection(ProjectConfigurationPlatforms) = postSolution
		{65FD652C-002F-4F71-BDE1-2D0312C27C3E}.Debug|Any CPU.ActiveCfg = Debug|Any CPU
		{65FD652C-002F-4F71-BDE1-2D0312C27C3E}.Debug|Any CPU.Build.0 = Debug|Any CPU
		{65FD652C-002F-4F71-BDE1-2D0312C27C3E}.Release|Any CPU.ActiveCfg = Release|Any CPU
		{65FD652C-002F-4F71-BDE1-2D0312C27C3E}.Release|Any CPU.Build.0 = Release|Any CPU
	EndGlobalSection
	GlobalSection(SolutionProperties) = preSolution
		HideSolutionNode = FALSE
	EndGlobalSection
	GlobalSection(ExtensibilityGlobals) = postSolution
		SolutionGuid = {54A9D43C-4FDA-4B0F-85C6-A24C8B251683}
	EndGlobalSection
EndGlobal
