
Microsoft Visual Studio Solution File, Format Version 12.00
# Visual Studio 15
VisualStudioVersion = 15.0.28307.1831
MinimumVisualStudioVersion = 10.0.40219.1
Project("{FAE04EC0-301F-11D3-BF4B-00C04F79EFBC}") = "Exercício_53", "Exercício_53\Exercício_53.csproj", "{CC84BF9B-1A49-4C1C-923D-429A8DEFB8BC}"
EndProject
Global
	GlobalSection(SolutionConfigurationPlatforms) = preSolution
		Debug|Any CPU = Debug|Any CPU
		Release|Any CPU = Release|Any CPU
	EndGlobalSection
	GlobalSection(ProjectConfigurationPlatforms) = postSolution
		{CC84BF9B-1A49-4C1C-923D-429A8DEFB8BC}.Debug|Any CPU.ActiveCfg = Debug|Any CPU
		{CC84BF9B-1A49-4C1C-923D-429A8DEFB8BC}.Debug|Any CPU.Build.0 = Debug|Any CPU
		{CC84BF9B-1A49-4C1C-923D-429A8DEFB8BC}.Release|Any CPU.ActiveCfg = Release|Any CPU
		{CC84BF9B-1A49-4C1C-923D-429A8DEFB8BC}.Release|Any CPU.Build.0 = Release|Any CPU
	EndGlobalSection
	GlobalSection(SolutionProperties) = preSolution
		HideSolutionNode = FALSE
	EndGlobalSection
	GlobalSection(ExtensibilityGlobals) = postSolution
		SolutionGuid = {E3B4AF97-8098-4A13-AC8A-06510663F72D}
	EndGlobalSection
EndGlobal
