
Microsoft Visual Studio Solution File, Format Version 12.00
# Visual Studio 15
VisualStudioVersion = 15.0.28307.572
MinimumVisualStudioVersion = 10.0.40219.1
Project("{FAE04EC0-301F-11D3-BF4B-00C04F79EFBC}") = "Exercício_01", "Exercício_01\Exercício_01.csproj", "{EFF1C545-EFC5-4B50-A2EA-7A2FBAFD6600}"
EndProject
Global
	GlobalSection(SolutionConfigurationPlatforms) = preSolution
		Debug|Any CPU = Debug|Any CPU
		Release|Any CPU = Release|Any CPU
	EndGlobalSection
	GlobalSection(ProjectConfigurationPlatforms) = postSolution
		{EFF1C545-EFC5-4B50-A2EA-7A2FBAFD6600}.Debug|Any CPU.ActiveCfg = Debug|Any CPU
		{EFF1C545-EFC5-4B50-A2EA-7A2FBAFD6600}.Debug|Any CPU.Build.0 = Debug|Any CPU
		{EFF1C545-EFC5-4B50-A2EA-7A2FBAFD6600}.Release|Any CPU.ActiveCfg = Release|Any CPU
		{EFF1C545-EFC5-4B50-A2EA-7A2FBAFD6600}.Release|Any CPU.Build.0 = Release|Any CPU
	EndGlobalSection
	GlobalSection(SolutionProperties) = preSolution
		HideSolutionNode = FALSE
	EndGlobalSection
	GlobalSection(ExtensibilityGlobals) = postSolution
		SolutionGuid = {6795C5A5-8730-4A31-A3E3-E55DB5837C19}
	EndGlobalSection
EndGlobal
